
Microsoft Visual Studio Solution File, Format Version 12.00
# Visual Studio Version 17
VisualStudioVersion = 17.6.33829.357
MinimumVisualStudioVersion = 10.0.40219.1
Project("{FAE04EC0-301F-11D3-BF4B-00C04F79EFBC}") = "PECKY", "PECKY\PECKY.csproj", "{18A82BF5-57A7-43CD-88C9-297AE7CC0048}"
EndProject
Global
	GlobalSection(SolutionConfigurationPlatforms) = preSolution
		Debug|Any CPU = Debug|Any CPU
		Release|Any CPU = Release|Any CPU
	EndGlobalSection
	GlobalSection(ProjectConfigurationPlatforms) = postSolution
		{18A82BF5-57A7-43CD-88C9-297AE7CC0048}.Debug|Any CPU.ActiveCfg = Debug|Any CPU
		{18A82BF5-57A7-43CD-88C9-297AE7CC0048}.Debug|Any CPU.Build.0 = Debug|Any CPU
		{18A82BF5-57A7-43CD-88C9-297AE7CC0048}.Release|Any CPU.ActiveCfg = Release|Any CPU
		{18A82BF5-57A7-43CD-88C9-297AE7CC0048}.Release|Any CPU.Build.0 = Release|Any CPU
	EndGlobalSection
	GlobalSection(SolutionProperties) = preSolution
		HideSolutionNode = FALSE
	EndGlobalSection
	GlobalSection(ExtensibilityGlobals) = postSolution
		SolutionGuid = {85A66B1E-8CC6-4713-BD5E-BAF24738457A}
	EndGlobalSection
EndGlobal
